
Microsoft Visual Studio Solution File, Format Version 12.00
# Visual Studio Version 17
VisualStudioVersion = 17.1.31903.286
MinimumVisualStudioVersion = 10.0.40219.1
Project("{9A19103F-16F7-4668-BE54-9A1E7A4F7556}") = "Agile.NET-Deobfuscator-Updated", "Agile.NET-Deobfuscator-Updated\Agile.NET-Deobfuscator-Updated.csproj", "{ABBAD273-9309-448B-ACB6-AB3311AA9533}"
EndProject
Global
	GlobalSection(SolutionConfigurationPlatforms) = preSolution
		Debug|x64 = Debug|x64
		Debug|x86 = Debug|x86
		Release|x64 = Release|x64
		Release|x86 = Release|x86
	EndGlobalSection
	GlobalSection(ProjectConfigurationPlatforms) = postSolution
		{ABBAD273-9309-448B-ACB6-AB3311AA9533}.Debug|x64.ActiveCfg = Debug|x64
		{ABBAD273-9309-448B-ACB6-AB3311AA9533}.Debug|x64.Build.0 = Debug|x64
		{ABBAD273-9309-448B-ACB6-AB3311AA9533}.Debug|x86.ActiveCfg = Debug|x86
		{ABBAD273-9309-448B-ACB6-AB3311AA9533}.Debug|x86.Build.0 = Debug|x86
		{ABBAD273-9309-448B-ACB6-AB3311AA9533}.Release|x64.ActiveCfg = Release|x64
		{ABBAD273-9309-448B-ACB6-AB3311AA9533}.Release|x64.Build.0 = Release|x64
		{ABBAD273-9309-448B-ACB6-AB3311AA9533}.Release|x86.ActiveCfg = Release|Any CPU
		{ABBAD273-9309-448B-ACB6-AB3311AA9533}.Release|x86.Build.0 = Release|Any CPU
	EndGlobalSection
	GlobalSection(SolutionProperties) = preSolution
		HideSolutionNode = FALSE
	EndGlobalSection
	GlobalSection(ExtensibilityGlobals) = postSolution
		SolutionGuid = {F234F5FF-3FF7-4F51-A436-D403580DC631}
	EndGlobalSection
EndGlobal
